
Microsoft Visual Studio Solution File, Format Version 12.00
# Visual Studio 15
VisualStudioVersion = 15.0.28307.960
MinimumVisualStudioVersion = 10.0.40219.1
Project("{FAE04EC0-301F-11D3-BF4B-00C04F79EFBC}") = "CertificationTest", "CertificationTest\CertificationTest.csproj", "{A89FC2A8-E554-46F7-AB6B-29889AE23509}"
EndProject
Global
	GlobalSection(SolutionConfigurationPlatforms) = preSolution
		Debug|Any CPU = Debug|Any CPU
		Release|Any CPU = Release|Any CPU
	EndGlobalSection
	GlobalSection(ProjectConfigurationPlatforms) = postSolution
		{A89FC2A8-E554-46F7-AB6B-29889AE23509}.Debug|Any CPU.ActiveCfg = Debug|Any CPU
		{A89FC2A8-E554-46F7-AB6B-29889AE23509}.Debug|Any CPU.Build.0 = Debug|Any CPU
		{A89FC2A8-E554-46F7-AB6B-29889AE23509}.Release|Any CPU.ActiveCfg = Release|Any CPU
		{A89FC2A8-E554-46F7-AB6B-29889AE23509}.Release|Any CPU.Build.0 = Release|Any CPU
	EndGlobalSection
	GlobalSection(SolutionProperties) = preSolution
		HideSolutionNode = FALSE
	EndGlobalSection
	GlobalSection(ExtensibilityGlobals) = postSolution
		SolutionGuid = {243B3C75-3718-4517-A83E-8032AD06985B}
	EndGlobalSection
EndGlobal
